
Microsoft Visual Studio Solution File, Format Version 12.00
# Visual Studio Version 17
VisualStudioVersion = 17.11.35327.3
MinimumVisualStudioVersion = 10.0.40219.1
Project("{FAE04EC0-301F-11D3-BF4B-00C04F79EFBC}") = "Teste#1", "Teste#1.csproj", "{5B695D1E-A86E-4945-AB41-092C818441C0}"
EndProject
Global
	GlobalSection(SolutionConfigurationPlatforms) = preSolution
		Debug|Any CPU = Debug|Any CPU
		Release|Any CPU = Release|Any CPU
	EndGlobalSection
	GlobalSection(ProjectConfigurationPlatforms) = postSolution
		{5B695D1E-A86E-4945-AB41-092C818441C0}.Debug|Any CPU.ActiveCfg = Debug|Any CPU
		{5B695D1E-A86E-4945-AB41-092C818441C0}.Debug|Any CPU.Build.0 = Debug|Any CPU
		{5B695D1E-A86E-4945-AB41-092C818441C0}.Release|Any CPU.ActiveCfg = Release|Any CPU
		{5B695D1E-A86E-4945-AB41-092C818441C0}.Release|Any CPU.Build.0 = Release|Any CPU
	EndGlobalSection
	GlobalSection(SolutionProperties) = preSolution
		HideSolutionNode = FALSE
	EndGlobalSection
	GlobalSection(ExtensibilityGlobals) = postSolution
		SolutionGuid = {30EA2B76-B54D-4598-AEC2-1767825E403E}
	EndGlobalSection
EndGlobal
